# This file is automatically @generated by Poetry 1.4.0 and should not be changed by hand.

[[package]]
name = "colorama"
version = "0.4.6"
description = "Cross-platform colored terminal text."
category = "main"
optional = false
python-versions = "!=3.0.*,!=3.1.*,!=3.2.*,!=3.3.*,!=3.4.*,!=3.5.*,!=3.6.*,>=2.7"
files = [
    {file = "colorama-0.4.6-py2.py3-none-any.whl", hash = "sha256:4f1d9991f5acc0ca119f9d443620b77f9d6b33703e51011c16baf57afb285fc6"},
    {file = "colorama-0.4.6.tar.gz", hash = "sha256:08695f5cb7ed6e0531a20572697297273c47b8cae5a63ffc6d6ed5c201be6e44"},
]

[[package]]
name = "cs-CSCF"
version = "0.1.0"
description = "Opinionated wrappers and helpers for Python development."
category = "main"
optional = false
python-versions = "^3.10"
files = []
develop = true

[package.dependencies]
datedelta = "1.4"
mysql-connector-repackaged = "0.3.1"
python-dateutil = "2.8.2"
setuptools = "63.2.0"
tqdm = "4.64.0"
xlib = "0.21"

[package.source]
type = "directory"
url = "../../../0-development/0-python/CSCF"

[[package]]
name = "datedelta"
version = "1.4"
description = "Like datetime.timedelta, for date arithmetic."
category = "main"
optional = false
python-versions = ">=3.6,<4.0"
files = [
    {file = "datedelta-1.4-py3-none-any.whl", hash = "sha256:9f7a8a2bd80d29d6cfe1036990979ea404c8e1ddbc5a73cff74d283186d12b4d"},
    {file = "datedelta-1.4.tar.gz", hash = "sha256:3f1ef319ead642a76a3cab731917bf14a0ced0d91943f33ff57ae615837cab97"},
]

[[package]]
name = "mysql-connector-repackaged"
version = "0.3.1"
description = "MySQL driver written in Python"
category = "main"
optional = false
python-versions = "*"
files = [
    {file = "mysql-connector-repackaged-0.3.1.tar.gz", hash = "sha256:170fbf11c54def1b5fcc919be0a890b760bb2eca81f56123a5dda0c69b5b099e"},
]

[[package]]
name = "python-dateutil"
version = "2.8.2"
description = "Extensions to the standard Python datetime module"
category = "main"
optional = false
python-versions = "!=3.0.*,!=3.1.*,!=3.2.*,>=2.7"
files = [
    {file = "python-dateutil-2.8.2.tar.gz", hash = "sha256:0123cacc1627ae19ddf3c27a5de5bd67ee4586fbdd6440d9748f8abb483d3e86"},
    {file = "python_dateutil-2.8.2-py2.py3-none-any.whl", hash = "sha256:961d03dc3453ebbc59dbdea9e4e11c5651520a876d0f4db161e8674aae935da9"},
]

[package.dependencies]
six = ">=1.5"

[[package]]
name = "setuptools"
version = "63.2.0"
description = "Easily download, build, install, upgrade, and uninstall Python packages"
category = "main"
optional = false
python-versions = ">=3.7"
files = [
    {file = "setuptools-63.2.0-py3-none-any.whl", hash = "sha256:0d33c374d41c7863419fc8f6c10bfe25b7b498aa34164d135c622e52580c6b16"},
    {file = "setuptools-63.2.0.tar.gz", hash = "sha256:c04b44a57a6265fe34a4a444e965884716d34bae963119a76353434d6f18e450"},
]

[package.extras]
docs = ["furo", "jaraco.packaging (>=9)", "jaraco.tidelift (>=1.4)", "pygments-github-lexers (==0.0.5)", "rst.linker (>=1.9)", "sphinx", "sphinx-favicon", "sphinx-inline-tabs", "sphinx-reredirects", "sphinxcontrib-towncrier"]
testing = ["build[virtualenv]", "filelock (>=3.4.0)", "flake8-2020", "ini2toml[lite] (>=0.9)", "jaraco.envs (>=2.2)", "jaraco.path (>=3.2.0)", "mock", "pip (>=19.1)", "pip-run (>=8.8)", "pytest (>=6)", "pytest-black (>=0.3.7)", "pytest-checkdocs (>=2.4)", "pytest-cov", "pytest-enabler (>=1.3)", "pytest-flake8", "pytest-mypy (>=0.9.1)", "pytest-perf", "pytest-xdist", "tomli-w (>=1.0.0)", "virtualenv (>=13.0.0)", "wheel"]
testing-integration = ["build[virtualenv]", "filelock (>=3.4.0)", "jaraco.envs (>=2.2)", "jaraco.path (>=3.2.0)", "pytest", "pytest-enabler", "pytest-xdist", "tomli", "virtualenv (>=13.0.0)", "wheel"]

[[package]]
name = "six"
version = "1.16.0"
description = "Python 2 and 3 compatibility utilities"
category = "main"
optional = false
python-versions = ">=2.7, !=3.0.*, !=3.1.*, !=3.2.*"
files = [
    {file = "six-1.16.0-py2.py3-none-any.whl", hash = "sha256:8abb2f1d86890a2dfb989f9a77cfcfd3e47c2a354b01111771326f8aa26e0254"},
    {file = "six-1.16.0.tar.gz", hash = "sha256:1e61c37477a1626458e36f7b1d82aa5c9b094fa4802892072e49de9c60c4c926"},
]

[[package]]
name = "tqdm"
version = "4.64.0"
description = "Fast, Extensible Progress Meter"
category = "main"
optional = false
python-versions = "!=3.0.*,!=3.1.*,!=3.2.*,!=3.3.*,>=2.7"
files = [
    {file = "tqdm-4.64.0-py2.py3-none-any.whl", hash = "sha256:74a2cdefe14d11442cedf3ba4e21a3b84ff9a2dbdc6cfae2c34addb2a14a5ea6"},
    {file = "tqdm-4.64.0.tar.gz", hash = "sha256:40be55d30e200777a307a7585aee69e4eabb46b4ec6a4b4a5f2d9f11e7d5408d"},
]

[package.dependencies]
colorama = {version = "*", markers = "platform_system == \"Windows\""}

[package.extras]
dev = ["py-make (>=0.1.0)", "twine", "wheel"]
notebook = ["ipywidgets (>=6)"]
slack = ["slack-sdk"]
telegram = ["requests"]

[[package]]
name = "xlib"
version = "0.21"
description = "Python X Library"
category = "main"
optional = false
python-versions = "*"
files = [
    {file = "xlib-0.21-py2.py3-none-any.whl", hash = "sha256:8eee67dad83ef4b82bbbfa85d51eeb20c79d12b119fe25aa1d27bd602ff82212"},
    {file = "xlib-0.21.tar.gz", hash = "sha256:60b7cd5d90f5d5922d9ce27b61589c07d970796558d417461db7b66e366bc401"},
]

[package.dependencies]
six = ">=1.10.0"

[metadata]
lock-version = "2.0"
python-versions = "^3.10"
content-hash = "bf70f6dfc9cbaba9ec3f367f1a5a3d62b1298c1285e079b6442e8e8ac5903d6b"
